
Microsoft Visual Studio Solution File, Format Version 12.00
# Visual Studio Version 16
VisualStudioVersion = 16.0.30717.126
MinimumVisualStudioVersion = 10.0.40219.1
Project("{FAE04EC0-301F-11D3-BF4B-00C04F79EFBC}") = "Uge51-miniprojekt", "Uge51-miniprojekt\Uge51-miniprojekt.csproj", "{B84FFFAE-0460-41B7-B2D6-8C14F1035653}"
EndProject
Global
	GlobalSection(SolutionConfigurationPlatforms) = preSolution
		Debug|Any CPU = Debug|Any CPU
		Release|Any CPU = Release|Any CPU
	EndGlobalSection
	GlobalSection(ProjectConfigurationPlatforms) = postSolution
		{B84FFFAE-0460-41B7-B2D6-8C14F1035653}.Debug|Any CPU.ActiveCfg = Debug|Any CPU
		{B84FFFAE-0460-41B7-B2D6-8C14F1035653}.Debug|Any CPU.Build.0 = Debug|Any CPU
		{B84FFFAE-0460-41B7-B2D6-8C14F1035653}.Release|Any CPU.ActiveCfg = Release|Any CPU
		{B84FFFAE-0460-41B7-B2D6-8C14F1035653}.Release|Any CPU.Build.0 = Release|Any CPU
	EndGlobalSection
	GlobalSection(SolutionProperties) = preSolution
		HideSolutionNode = FALSE
	EndGlobalSection
	GlobalSection(ExtensibilityGlobals) = postSolution
		SolutionGuid = {2E0587D4-C651-4B9A-AF6B-F2091601B268}
	EndGlobalSection
EndGlobal
